
Microsoft Visual Studio Solution File, Format Version 12.00
# Visual Studio Version 17
VisualStudioVersion = 17.11.35327.3
MinimumVisualStudioVersion = 10.0.40219.1
Project("{FAE04EC0-301F-11D3-BF4B-00C04F79EFBC}") = "WebHackathon", "WebHackathon\WebHackathon.csproj", "{0B2AF0B7-B2B5-4E96-B674-36B9AFCEC00D}"
EndProject
Global
	GlobalSection(SolutionConfigurationPlatforms) = preSolution
		Debug|Any CPU = Debug|Any CPU
		Release|Any CPU = Release|Any CPU
	EndGlobalSection
	GlobalSection(ProjectConfigurationPlatforms) = postSolution
		{0B2AF0B7-B2B5-4E96-B674-36B9AFCEC00D}.Debug|Any CPU.ActiveCfg = Debug|Any CPU
		{0B2AF0B7-B2B5-4E96-B674-36B9AFCEC00D}.Debug|Any CPU.Build.0 = Debug|Any CPU
		{0B2AF0B7-B2B5-4E96-B674-36B9AFCEC00D}.Release|Any CPU.ActiveCfg = Release|Any CPU
		{0B2AF0B7-B2B5-4E96-B674-36B9AFCEC00D}.Release|Any CPU.Build.0 = Release|Any CPU
	EndGlobalSection
	GlobalSection(SolutionProperties) = preSolution
		HideSolutionNode = FALSE
	EndGlobalSection
	GlobalSection(ExtensibilityGlobals) = postSolution
		SolutionGuid = {97943DEB-CEDA-47B9-922D-647A27A1B395}
	EndGlobalSection
EndGlobal
